// !$*UTF8*$!
{
	archiveVersion = 1;
	classes = {
	};
	objectVersion = 56;
	objects = {

/* Begin PBXBuildFile section */
		F7C3E4F82B63BE860099774C /* AppDelegate.swift in Sources */ = {isa = PBXBuildFile; fileRef = F7C3E4F72B63BE860099774C /* AppDelegate.swift */; };
		F7C3E4FA2B63BE860099774C /* SceneDelegate.swift in Sources */ = {isa = PBXBuildFile; fileRef = F7C3E4F92B63BE860099774C /* SceneDelegate.swift */; };
		F7C3E4FC2B63BE860099774C /* ViewController.swift in Sources */ = {isa = PBXBuildFile; fileRef = F7C3E4FB2B63BE860099774C /* ViewController.swift */; };
		F7C3E4FF2B63BE860099774C /* Main.storyboard in Resources */ = {isa = PBXBuildFile; fileRef = F7C3E4FD2B63BE860099774C /* Main.storyboard */; };
		F7C3E5012B63BE880099774C /* Assets.xcassets in Resources */ = {isa = PBXBuildFile; fileRef = F7C3E5002B63BE880099774C /* Assets.xcassets */; };
		F7C3E5042B63BE880099774C /* LaunchScreen.storyboard in Resources */ = {isa = PBXBuildFile; fileRef = F7C3E5022B63BE880099774C /* LaunchScreen.storyboard */; };
		F7C3E50F2B63BE880099774C /* VideoPlayerIosTests.swift in Sources */ = {isa = PBXBuildFile; fileRef = F7C3E50E2B63BE880099774C /* VideoPlayerIosTests.swift */; };
		F7C3E5192B63BE880099774C /* VideoPlayerIosUITests.swift in Sources */ = {isa = PBXBuildFile; fileRef = F7C3E5182B63BE880099774C /* VideoPlayerIosUITests.swift */; };
		F7C3E51B2B63BE880099774C /* VideoPlayerIosUITestsLaunchTests.swift in Sources */ = {isa = PBXBuildFile; fileRef = F7C3E51A2B63BE880099774C /* VideoPlayerIosUITestsLaunchTests.swift */; };
/* End PBXBuildFile section */

/* Begin PBXContainerItemProxy section */
		F7C3E50B2B63BE880099774C /* PBXContainerItemProxy */ = {
			isa = PBXContainerItemProxy;
			containerPortal = F7C3E4EC2B63BE860099774C /* Project object */;
			proxyType = 1;
			remoteGlobalIDString = F7C3E4F32B63BE860099774C;
			remoteInfo = VideoPlayerIos;
		};
		F7C3E5152B63BE880099774C /* PBXContainerItemProxy */ = {
			isa = PBXContainerItemProxy;
			containerPortal = F7C3E4EC2B63BE860099774C /* Project object */;
			proxyType = 1;
			remoteGlobalIDString = F7C3E4F32B63BE860099774C;
			remoteInfo = VideoPlayerIos;
		};
/* End PBXContainerItemProxy section */

/* Begin PBXFileReference section */
		F7C3E4F42B63BE860099774C /* VideoPlayerIos.app */ = {isa = PBXFileReference; explicitFileType = wrapper.application; includeInIndex = 0; path = VideoPlayerIos.app; sourceTree = BUILT_PRODUCTS_DIR; };
		F7C3E4F72B63BE860099774C /* AppDelegate.swift */ = {isa = PBXFileReference; lastKnownFileType = sourcecode.swift; path = AppDelegate.swift; sourceTree = "<group>"; };
		F7C3E4F92B63BE860099774C /* SceneDelegate.swift */ = {isa = PBXFileReference; lastKnownFileType = sourcecode.swift; path = SceneDelegate.swift; sourceTree = "<group>"; };
		F7C3E4FB2B63BE860099774C /* ViewController.swift */ = {isa = PBXFileReference; lastKnownFileType = sourcecode.swift; path = ViewController.swift; sourceTree = "<group>"; };
		F7C3E4FE2B63BE860099774C /* Base */ = {isa = PBXFileReference; lastKnownFileType = file.storyboard; name = Base; path = Base.lproj/Main.storyboard; sourceTree = "<group>"; };
		F7C3E5002B63BE880099774C /* Assets.xcassets */ = {isa = PBXFileReference; lastKnownFileType = folder.assetcatalog; path = Assets.xcassets; sourceTree = "<group>"; };
		F7C3E5032B63BE880099774C /* Base */ = {isa = PBXFileReference; lastKnownFileType = file.storyboard; name = Base; path = Base.lproj/LaunchScreen.storyboard; sourceTree = "<group>"; };
		F7C3E5052B63BE880099774C /* Info.plist */ = {isa = PBXFileReference; lastKnownFileType = text.plist.xml; path = Info.plist; sourceTree = "<group>"; };
		F7C3E50A2B63BE880099774C /* VideoPlayerIosTests.xctest */ = {isa = PBXFileReference; explicitFileType = wrapper.cfbundle; includeInIndex = 0; path = VideoPlayerIosTests.xctest; sourceTree = BUILT_PRODUCTS_DIR; };
		F7C3E50E2B63BE880099774C /* VideoPlayerIosTests.swift */ = {isa = PBXFileReference; lastKnownFileType = sourcecode.swift; path = VideoPlayerIosTests.swift; sourceTree = "<group>"; };
		F7C3E5142B63BE880099774C /* VideoPlayerIosUITests.xctest */ = {isa = PBXFileReference; explicitFileType = wrapper.cfbundle; includeInIndex = 0; path = VideoPlayerIosUITests.xctest; sourceTree = BUILT_PRODUCTS_DIR; };
		F7C3E5182B63BE880099774C /* VideoPlayerIosUITests.swift */ = {isa = PBXFileReference; lastKnownFileType = sourcecode.swift; path = VideoPlayerIosUITests.swift; sourceTree = "<group>"; };
		F7C3E51A2B63BE880099774C /* VideoPlayerIosUITestsLaunchTests.swift */ = {isa = PBXFileReference; lastKnownFileType = sourcecode.swift; path = VideoPlayerIosUITestsLaunchTests.swift; sourceTree = "<group>"; };
/* End PBXFileReference section */

/* Begin PBXFrameworksBuildPhase section */
		F7C3E4F12B63BE860099774C /* Frameworks */ = {
			isa = PBXFrameworksBuildPhase;
			buildActionMask = 2147483647;
			files = (
			);
			runOnlyForDeploymentPostprocessing = 0;
		};
		F7C3E5072B63BE880099774C /* Frameworks */ = {
			isa = PBXFrameworksBuildPhase;
			buildActionMask = 2147483647;
			files = (
			);
			runOnlyForDeploymentPostprocessing = 0;
		};
		F7C3E5112B63BE880099774C /* Frameworks */ = {
			isa = PBXFrameworksBuildPhase;
			buildActionMask = 2147483647;
			files = (
			);
			runOnlyForDeploymentPostprocessing = 0;
		};
/* End PBXFrameworksBuildPhase section */

/* Begin PBXGroup section */
		F7C3E4EB2B63BE860099774C = {
			isa = PBXGroup;
			children = (
				F7C3E4F62B63BE860099774C /* VideoPlayerIos */,
				F7C3E50D2B63BE880099774C /* VideoPlayerIosTests */,
				F7C3E5172B63BE880099774C /* VideoPlayerIosUITests */,
				F7C3E4F52B63BE860099774C /* Products */,
			);
			sourceTree = "<group>";
		};
		F7C3E4F52B63BE860099774C /* Products */ = {
			isa = PBXGroup;
			children = (
				F7C3E4F42B63BE860099774C /* VideoPlayerIos.app */,
				F7C3E50A2B63BE880099774C /* VideoPlayerIosTests.xctest */,
				F7C3E5142B63BE880099774C /* VideoPlayerIosUITests.xctest */,
			);
			name = Products;
			sourceTree = "<group>";
		};
		F7C3E4F62B63BE860099774C /* VideoPlayerIos */ = {
			isa = PBXGroup;
			children = (
				F7C3E4F72B63BE860099774C /* AppDelegate.swift */,
				F7C3E4F92B63BE860099774C /* SceneDelegate.swift */,
				F7C3E4FB2B63BE860099774C /* ViewController.swift */,
				F7C3E4FD2B63BE860099774C /* Main.storyboard */,
				F7C3E5002B63BE880099774C /* Assets.xcassets */,
				F7C3E5022B63BE880099774C /* LaunchScreen.storyboard */,
				F7C3E5052B63BE880099774C /* Info.plist */,
			);
			path = VideoPlayerIos;
			sourceTree = "<group>";
		};
		F7C3E50D2B63BE880099774C /* VideoPlayerIosTests */ = {
			isa = PBXGroup;
			children = (
				F7C3E50E2B63BE880099774C /* VideoPlayerIosTests.swift */,
			);
			path = VideoPlayerIosTests;
			sourceTree = "<group>";
		};
		F7C3E5172B63BE880099774C /* VideoPlayerIosUITests */ = {
			isa = PBXGroup;
			children = (
				F7C3E5182B63BE880099774C /* VideoPlayerIosUITests.swift */,
				F7C3E51A2B63BE880099774C /* VideoPlayerIosUITestsLaunchTests.swift */,
			);
			path = VideoPlayerIosUITests;
			sourceTree = "<group>";
		};
/* End PBXGroup section */

/* Begin PBXNativeTarget section */
		F7C3E4F32B63BE860099774C /* VideoPlayerIos */ = {
			isa = PBXNativeTarget;
			buildConfigurationList = F7C3E51E2B63BE880099774C /* Build configuration list for PBXNativeTarget "VideoPlayerIos" */;
			buildPhases = (
				F7C3E4F02B63BE860099774C /* Sources */,
				F7C3E4F12B63BE860099774C /* Frameworks */,
				F7C3E4F22B63BE860099774C /* Resources */,
			);
			buildRules = (
			);
			dependencies = (
			);
			name = VideoPlayerIos;
			productName = VideoPlayerIos;
			productReference = F7C3E4F42B63BE860099774C /* VideoPlayerIos.app */;
			productType = "com.apple.product-type.application";
		};
		F7C3E5092B63BE880099774C /* VideoPlayerIosTests */ = {
			isa = PBXNativeTarget;
			buildConfigurationList = F7C3E5212B63BE880099774C /* Build configuration list for PBXNativeTarget "VideoPlayerIosTests" */;
			buildPhases = (
				F7C3E5062B63BE880099774C /* Sources */,
				F7C3E5072B63BE880099774C /* Frameworks */,
				F7C3E5082B63BE880099774C /* Resources */,
			);
			buildRules = (
			);
			dependencies = (
				F7C3E50C2B63BE880099774C /* PBXTargetDependency */,
			);
			name = VideoPlayerIosTests;
			productName = VideoPlayerIosTests;
			productReference = F7C3E50A2B63BE880099774C /* VideoPlayerIosTests.xctest */;
			productType = "com.apple.product-type.bundle.unit-test";
		};
		F7C3E5132B63BE880099774C /* VideoPlayerIosUITests */ = {
			isa = PBXNativeTarget;
			buildConfigurationList = F7C3E5242B63BE880099774C /* Build configuration list for PBXNativeTarget "VideoPlayerIosUITests" */;
			buildPhases = (
				F7C3E5102B63BE880099774C /* Sources */,
				F7C3E5112B63BE880099774C /* Frameworks */,
				F7C3E5122B63BE880099774C /* Resources */,
			);
			buildRules = (
			);
			dependencies = (
				F7C3E5162B63BE880099774C /* PBXTargetDependency */,
			);
			name = VideoPlayerIosUITests;
			productName = VideoPlayerIosUITests;
			productReference = F7C3E5142B63BE880099774C /* VideoPlayerIosUITests.xctest */;
			productType = "com.apple.product-type.bundle.ui-testing";
		};
/* End PBXNativeTarget section */

/* Begin PBXProject section */
		F7C3E4EC2B63BE860099774C /* Project object */ = {
			isa = PBXProject;
			attributes = {
				BuildIndependentTargetsInParallel = 1;
				LastSwiftUpdateCheck = 1520;
				LastUpgradeCheck = 1520;
				TargetAttributes = {
					F7C3E4F32B63BE860099774C = {
						CreatedOnToolsVersion = 15.2;
					};
					F7C3E5092B63BE880099774C = {
						CreatedOnToolsVersion = 15.2;
						TestTargetID = F7C3E4F32B63BE860099774C;
					};
					F7C3E5132B63BE880099774C = {
						CreatedOnToolsVersion = 15.2;
						TestTargetID = F7C3E4F32B63BE860099774C;
					};
				};
			};
			buildConfigurationList = F7C3E4EF2B63BE860099774C /* Build configuration list for PBXProject "VideoPlayerIos" */;
			compatibilityVersion = "Xcode 14.0";
			developmentRegion = en;
			hasScannedForEncodings = 0;
			knownRegions = (
				en,
				Base,
			);
			mainGroup = F7C3E4EB2B63BE860099774C;
			productRefGroup = F7C3E4F52B63BE860099774C /* Products */;
			projectDirPath = "";
			projectRoot = "";
			targets = (
				F7C3E4F32B63BE860099774C /* VideoPlayerIos */,
				F7C3E5092B63BE880099774C /* VideoPlayerIosTests */,
				F7C3E5132B63BE880099774C /* VideoPlayerIosUITests */,
			);
		};
/* End PBXProject section */

/* Begin PBXResourcesBuildPhase section */
		F7C3E4F22B63BE860099774C /* Resources */ = {
			isa = PBXResourcesBuildPhase;
			buildActionMask = 2147483647;
			files = (
				F7C3E5042B63BE880099774C /* LaunchScreen.storyboard in Resources */,
				F7C3E5012B63BE880099774C /* Assets.xcassets in Resources */,
				F7C3E4FF2B63BE860099774C /* Main.storyboard in Resources */,
			);
			runOnlyForDeploymentPostprocessing = 0;
		};
		F7C3E5082B63BE880099774C /* Resources */ = {
			isa = PBXResourcesBuildPhase;
			buildActionMask = 2147483647;
			files = (
			);
			runOnlyForDeploymentPostprocessing = 0;
		};
		F7C3E5122B63BE880099774C /* Resources */ = {
			isa = PBXResourcesBuildPhase;
			buildActionMask = 2147483647;
			files = (
			);
			runOnlyForDeploymentPostprocessing = 0;
		};
/* End PBXResourcesBuildPhase section */

/* Begin PBXSourcesBuildPhase section */
		F7C3E4F02B63BE860099774C /* Sources */ = {
			isa = PBXSourcesBuildPhase;
			buildActionMask = 2147483647;
			files = (
				F7C3E4FC2B63BE860099774C /* ViewController.swift in Sources */,
				F7C3E4F82B63BE860099774C /* AppDelegate.swift in Sources */,
				F7C3E4FA2B63BE860099774C /* SceneDelegate.swift in Sources */,
			);
			runOnlyForDeploymentPostprocessing = 0;
		};
		F7C3E5062B63BE880099774C /* Sources */ = {
			isa = PBXSourcesBuildPhase;
			buildActionMask = 2147483647;
			files = (
				F7C3E50F2B63BE880099774C /* VideoPlayerIosTests.swift in Sources */,
			);
			runOnlyForDeploymentPostprocessing = 0;
		};
		F7C3E5102B63BE880099774C /* Sources */ = {
			isa = PBXSourcesBuildPhase;
			buildActionMask = 2147483647;
			files = (
				F7C3E5192B63BE880099774C /* VideoPlayerIosUITests.swift in Sources */,
				F7C3E51B2B63BE880099774C /* VideoPlayerIosUITestsLaunchTests.swift in Sources */,
			);
			runOnlyForDeploymentPostprocessing = 0;
		};
/* End PBXSourcesBuildPhase section */

/* Begin PBXTargetDependency section */
		F7C3E50C2B63BE880099774C /* PBXTargetDependency */ = {
			isa = PBXTargetDependency;
			target = F7C3E4F32B63BE860099774C /* VideoPlayerIos */;
			targetProxy = F7C3E50B2B63BE880099774C /* PBXContainerItemProxy */;
		};
		F7C3E5162B63BE880099774C /* PBXTargetDependency */ = {
			isa = PBXTargetDependency;
			target = F7C3E4F32B63BE860099774C /* VideoPlayerIos */;
			targetProxy = F7C3E5152B63BE880099774C /* PBXContainerItemProxy */;
		};
/* End PBXTargetDependency section */

/* Begin PBXVariantGroup section */
		F7C3E4FD2B63BE860099774C /* Main.storyboard */ = {
			isa = PBXVariantGroup;
			children = (
				F7C3E4FE2B63BE860099774C /* Base */,
			);
			name = Main.storyboard;
			sourceTree = "<group>";
		};
		F7C3E5022B63BE880099774C /* LaunchScreen.storyboard */ = {
			isa = PBXVariantGroup;
			children = (
				F7C3E5032B63BE880099774C /* Base */,
			);
			name = LaunchScreen.storyboard;
			sourceTree = "<group>";
		};
/* End PBXVariantGroup section */

/* Begin XCBuildConfiguration section */
		F7C3E51C2B63BE880099774C /* Debug */ = {
			isa = XCBuildConfiguration;
			buildSettings = {
				ALWAYS_SEARCH_USER_PATHS = NO;
				ASSETCATALOG_COMPILER_GENERATE_SWIFT_ASSET_SYMBOL_EXTENSIONS = YES;
				CLANG_ANALYZER_NONNULL = YES;
				CLANG_ANALYZER_NUMBER_OBJECT_CONVERSION = YES_AGGRESSIVE;
				CLANG_CXX_LANGUAGE_STANDARD = "gnu++20";
				CLANG_ENABLE_MODULES = YES;
				CLANG_ENABLE_OBJC_ARC = YES;
				CLANG_ENABLE_OBJC_WEAK = YES;
				CLANG_WARN_BLOCK_CAPTURE_AUTORELEASING = YES;
				CLANG_WARN_BOOL_CONVERSION = YES;
				CLANG_WARN_COMMA = YES;
				CLANG_WARN_CONSTANT_CONVERSION = YES;
				CLANG_WARN_DEPRECATED_OBJC_IMPLEMENTATIONS = YES;
				CLANG_WARN_DIRECT_OBJC_ISA_USAGE = YES_ERROR;
				CLANG_WARN_DOCUMENTATION_COMMENTS = YES;
				CLANG_WARN_EMPTY_BODY = YES;
				CLANG_WARN_ENUM_CONVERSION = YES;
				CLANG_WARN_INFINITE_RECURSION = YES;
				CLANG_WARN_INT_CONVERSION = YES;
				CLANG_WARN_NON_LITERAL_NULL_CONVERSION = YES;
				CLANG_WARN_OBJC_IMPLICIT_RETAIN_SELF = YES;
				CLANG_WARN_OBJC_LITERAL_CONVERSION = YES;
				CLANG_WARN_OBJC_ROOT_CLASS = YES_ERROR;
				CLANG_WARN_QUOTED_INCLUDE_IN_FRAMEWORK_HEADER = YES;
				CLANG_WARN_RANGE_LOOP_ANALYSIS = YES;
				CLANG_WARN_STRICT_PROTOTYPES = YES;
				CLANG_WARN_SUSPICIOUS_MOVE = YES;
				CLANG_WARN_UNGUARDED_AVAILABILITY = YES_AGGRESSIVE;
				CLANG_WARN_UNREACHABLE_CODE = YES;
				CLANG_WARN__DUPLICATE_METHOD_MATCH = YES;
				COPY_PHASE_STRIP = NO;
				DEBUG_INFORMATION_FORMAT = dwarf;
				ENABLE_STRICT_OBJC_MSGSEND = YES;
				ENABLE_TESTABILITY = YES;
				ENABLE_USER_SCRIPT_SANDBOXING = YES;
				GCC_C_LANGUAGE_STANDARD = gnu17;
				GCC_DYNAMIC_NO_PIC = NO;
				GCC_NO_COMMON_BLOCKS = YES;
				GCC_OPTIMIZATION_LEVEL = 0;
				GCC_PREPROCESSOR_DEFINITIONS = (
					"DEBUG=1",
					"$(inherited)",
				);
				GCC_WARN_64_TO_32_BIT_CONVERSION = YES;
				GCC_WARN_ABOUT_RETURN_TYPE = YES_ERROR;
				GCC_WARN_UNDECLARED_SELECTOR = YES;
				GCC_WARN_UNINITIALIZED_AUTOS = YES_AGGRESSIVE;
				GCC_WARN_UNUSED_FUNCTION = YES;
				GCC_WARN_UNUSED_VARIABLE = YES;
				IPHONEOS_DEPLOYMENT_TARGET = 17.2;
				LOCALIZATION_PREFERS_STRING_CATALOGS = YES;
				MTL_ENABLE_DEBUG_INFO = INCLUDE_SOURCE;
				MTL_FAST_MATH = YES;
				ONLY_ACTIVE_ARCH = YES;
				SDKROOT = iphoneos;
				SWIFT_ACTIVE_COMPILATION_CONDITIONS = "DEBUG $(inherited)";
				SWIFT_OPTIMIZATION_LEVEL = "-Onone";
			};
			name = Debug;
		};
		F7C3E51D2B63BE880099774C /* Release */ = {
			isa = XCBuildConfiguration;
			buildSettings = {
				ALWAYS_SEARCH_USER_PATHS = NO;
				ASSETCATALOG_COMPILER_GENERATE_SWIFT_ASSET_SYMBOL_EXTENSIONS = YES;
				CLANG_ANALYZER_NONNULL = YES;
				CLANG_ANALYZER_NUMBER_OBJECT_CONVERSION = YES_AGGRESSIVE;
				CLANG_CXX_LANGUAGE_STANDARD = "gnu++20";
				CLANG_ENABLE_MODULES = YES;
				CLANG_ENABLE_OBJC_ARC = YES;
				CLANG_ENABLE_OBJC_WEAK = YES;
				CLANG_WARN_BLOCK_CAPTURE_AUTORELEASING = YES;
				CLANG_WARN_BOOL_CONVERSION = YES;
				CLANG_WARN_COMMA = YES;
				CLANG_WARN_CONSTANT_CONVERSION = YES;
				CLANG_WARN_DEPRECATED_OBJC_IMPLEMENTATIONS = YES;
				CLANG_WARN_DIRECT_OBJC_ISA_USAGE = YES_ERROR;
				CLANG_WARN_DOCUMENTATION_COMMENTS = YES;
				CLANG_WARN_EMPTY_BODY = YES;
				CLANG_WARN_ENUM_CONVERSION = YES;
				CLANG_WARN_INFINITE_RECURSION = YES;
				CLANG_WARN_INT_CONVERSION = YES;
				CLANG_WARN_NON_LITERAL_NULL_CONVERSION = YES;
				CLANG_WARN_OBJC_IMPLICIT_RETAIN_SELF = YES;
				CLANG_WARN_OBJC_LITERAL_CONVERSION = YES;
				CLANG_WARN_OBJC_ROOT_CLASS = YES_ERROR;
				CLANG_WARN_QUOTED_INCLUDE_IN_FRAMEWORK_HEADER = YES;
				CLANG_WARN_RANGE_LOOP_ANALYSIS = YES;
				CLANG_WARN_STRICT_PROTOTYPES = YES;
				CLANG_WARN_SUSPICIOUS_MOVE = YES;
				CLANG_WARN_UNGUARDED_AVAILABILITY = YES_AGGRESSIVE;
				CLANG_WARN_UNREACHABLE_CODE = YES;
				CLANG_WARN__DUPLICATE_METHOD_MATCH = YES;
				COPY_PHASE_STRIP = NO;
				DEBUG_INFORMATION_FORMAT = "dwarf-with-dsym";
				ENABLE_NS_ASSERTIONS = NO;
				ENABLE_STRICT_OBJC_MSGSEND = YES;
				ENABLE_USER_SCRIPT_SANDBOXING = YES;
				GCC_C_LANGUAGE_STANDARD = gnu17;
				GCC_NO_COMMON_BLOCKS = YES;
				GCC_WARN_64_TO_32_BIT_CONVERSION = YES;
				GCC_WARN_ABOUT_RETURN_TYPE = YES_ERROR;
				GCC_WARN_UNDECLARED_SELECTOR = YES;
				GCC_WARN_UNINITIALIZED_AUTOS = YES_AGGRESSIVE;
				GCC_WARN_UNUSED_FUNCTION = YES;
				GCC_WARN_UNUSED_VARIABLE = YES;
				IPHONEOS_DEPLOYMENT_TARGET = 17.2;
				LOCALIZATION_PREFERS_STRING_CATALOGS = YES;
				MTL_ENABLE_DEBUG_INFO = NO;
				MTL_FAST_MATH = YES;
				SDKROOT = iphoneos;
				SWIFT_COMPILATION_MODE = wholemodule;
				VALIDATE_PRODUCT = YES;
			};
			name = Release;
		};
		F7C3E51F2B63BE880099774C /* Debug */ = {
			isa = XCBuildConfiguration;
			buildSettings = {
				ASSETCATALOG_COMPILER_APPICON_NAME = AppIcon;
				ASSETCATALOG_COMPILER_GLOBAL_ACCENT_COLOR_NAME = AccentColor;
				CODE_SIGN_STYLE = Automatic;
				CURRENT_PROJECT_VERSION = 1;
				DEVELOPMENT_TEAM = TB57ZC77J3;
				GENERATE_INFOPLIST_FILE = YES;
				INFOPLIST_FILE = VideoPlayerIos/Info.plist;
				INFOPLIST_KEY_UIApplicationSupportsIndirectInputEvents = YES;
				INFOPLIST_KEY_UILaunchStoryboardName = LaunchScreen;
				INFOPLIST_KEY_UIMainStoryboardFile = Main;
				INFOPLIST_KEY_UISupportedInterfaceOrientations_iPad = "UIInterfaceOrientationPortrait UIInterfaceOrientationPortraitUpsideDown UIInterfaceOrientationLandscapeLeft UIInterfaceOrientationLandscapeRight";
				INFOPLIST_KEY_UISupportedInterfaceOrientations_iPhone = "UIInterfaceOrientationPortrait UIInterfaceOrientationLandscapeLeft UIInterfaceOrientationLandscapeRight";
				LD_RUNPATH_SEARCH_PATHS = (
					"$(inherited)",
					"@executable_path/Frameworks",
				);
				MARKETING_VERSION = 1.0;
				PRODUCT_BUNDLE_IDENTIFIER = StackSoftwares.VideoPlayerIos;
				PRODUCT_NAME = "$(TARGET_NAME)";
				SWIFT_EMIT_LOC_STRINGS = YES;
				SWIFT_VERSION = 5.0;
				TARGETED_DEVICE_FAMILY = "1,2";
			};
			name = Debug;
		};
		F7C3E5202B63BE880099774C /* Release */ = {
			isa = XCBuildConfiguration;
			buildSettings = {
				ASSETCATALOG_COMPILER_APPICON_NAME = AppIcon;
				ASSETCATALOG_COMPILER_GLOBAL_ACCENT_COLOR_NAME = AccentColor;
				CODE_SIGN_STYLE = Automatic;
				CURRENT_PROJECT_VERSION = 1;
				DEVELOPMENT_TEAM = TB57ZC77J3;
				GENERATE_INFOPLIST_FILE = YES;
				INFOPLIST_FILE = VideoPlayerIos/Info.plist;
				INFOPLIST_KEY_UIApplicationSupportsIndirectInputEvents = YES;
				INFOPLIST_KEY_UILaunchStoryboardName = LaunchScreen;
				INFOPLIST_KEY_UIMainStoryboardFile = Main;
				INFOPLIST_KEY_UISupportedInterfaceOrientations_iPad = "UIInterfaceOrientationPortrait UIInterfaceOrientationPortraitUpsideDown UIInterfaceOrientationLandscapeLeft UIInterfaceOrientationLandscapeRight";
				INFOPLIST_KEY_UISupportedInterfaceOrientations_iPhone = "UIInterfaceOrientationPortrait UIInterfaceOrientationLandscapeLeft UIInterfaceOrientationLandscapeRight";
				LD_RUNPATH_SEARCH_PATHS = (
					"$(inherited)",
					"@executable_path/Frameworks",
				);
				MARKETING_VERSION = 1.0;
				PRODUCT_BUNDLE_IDENTIFIER = StackSoftwares.VideoPlayerIos;
				PRODUCT_NAME = "$(TARGET_NAME)";
				SWIFT_EMIT_LOC_STRINGS = YES;
				SWIFT_VERSION = 5.0;
				TARGETED_DEVICE_FAMILY = "1,2";
			};
			name = Release;
		};
		F7C3E5222B63BE880099774C /* Debug */ = {
			isa = XCBuildConfiguration;
			buildSettings = {
				ALWAYS_EMBED_SWIFT_STANDARD_LIBRARIES = YES;
				BUNDLE_LOADER = "$(TEST_HOST)";
				CODE_SIGN_STYLE = Automatic;
				CURRENT_PROJECT_VERSION = 1;
				DEVELOPMENT_TEAM = TB57ZC77J3;
				GENERATE_INFOPLIST_FILE = YES;
				IPHONEOS_DEPLOYMENT_TARGET = 17.2;
				MARKETING_VERSION = 1.0;
				PRODUCT_BUNDLE_IDENTIFIER = StackSoftwares.VideoPlayerIosTests;
				PRODUCT_NAME = "$(TARGET_NAME)";
				SWIFT_EMIT_LOC_STRINGS = NO;
				SWIFT_VERSION = 5.0;
				TARGETED_DEVICE_FAMILY = "1,2";
				TEST_HOST = "$(BUILT_PRODUCTS_DIR)/VideoPlayerIos.app/$(BUNDLE_EXECUTABLE_FOLDER_PATH)/VideoPlayerIos";
			};
			name = Debug;
		};
		F7C3E5232B63BE880099774C /* Release */ = {
			isa = XCBuildConfiguration;
			buildSettings = {
				ALWAYS_EMBED_SWIFT_STANDARD_LIBRARIES = YES;
				BUNDLE_LOADER = "$(TEST_HOST)";
				CODE_SIGN_STYLE = Automatic;
				CURRENT_PROJECT_VERSION = 1;
				DEVELOPMENT_TEAM = TB57ZC77J3;
				GENERATE_INFOPLIST_FILE = YES;
				IPHONEOS_DEPLOYMENT_TARGET = 17.2;
				MARKETING_VERSION = 1.0;
				PRODUCT_BUNDLE_IDENTIFIER = StackSoftwares.VideoPlayerIosTests;
				PRODUCT_NAME = "$(TARGET_NAME)";
				SWIFT_EMIT_LOC_STRINGS = NO;
				SWIFT_VERSION = 5.0;
				TARGETED_DEVICE_FAMILY = "1,2";
				TEST_HOST = "$(BUILT_PRODUCTS_DIR)/VideoPlayerIos.app/$(BUNDLE_EXECUTABLE_FOLDER_PATH)/VideoPlayerIos";
			};
			name = Release;
		};
		F7C3E5252B63BE880099774C /* Debug */ = {
			isa = XCBuildConfiguration;
			buildSettings = {
				ALWAYS_EMBED_SWIFT_STANDARD_LIBRARIES = YES;
				CODE_SIGN_STYLE = Automatic;
				CURRENT_PROJECT_VERSION = 1;
				DEVELOPMENT_TEAM = TB57ZC77J3;
				GENERATE_INFOPLIST_FILE = YES;
				MARKETING_VERSION = 1.0;
				PRODUCT_BUNDLE_IDENTIFIER = StackSoftwares.VideoPlayerIosUITests;
				PRODUCT_NAME = "$(TARGET_NAME)";
				SWIFT_EMIT_LOC_STRINGS = NO;
				SWIFT_VERSION = 5.0;
				TARGETED_DEVICE_FAMILY = "1,2";
				TEST_TARGET_NAME = VideoPlayerIos;
			};
			name = Debug;
		};
		F7C3E5262B63BE880099774C /* Release */ = {
			isa = XCBuildConfiguration;
			buildSettings = {
				ALWAYS_EMBED_SWIFT_STANDARD_LIBRARIES = YES;
				CODE_SIGN_STYLE = Automatic;
				CURRENT_PROJECT_VERSION = 1;
				DEVELOPMENT_TEAM = TB57ZC77J3;
				GENERATE_INFOPLIST_FILE = YES;
				MARKETING_VERSION = 1.0;
				PRODUCT_BUNDLE_IDENTIFIER = StackSoftwares.VideoPlayerIosUITests;
				PRODUCT_NAME = "$(TARGET_NAME)";
				SWIFT_EMIT_LOC_STRINGS = NO;
				SWIFT_VERSION = 5.0;
				TARGETED_DEVICE_FAMILY = "1,2";
				TEST_TARGET_NAME = VideoPlayerIos;
			};
			name = Release;
		};
/* End XCBuildConfiguration section */

/* Begin XCConfigurationList section */
		F7C3E4EF2B63BE860099774C /* Build configuration list for PBXProject "VideoPlayerIos" */ = {
			isa = XCConfigurationList;
			buildConfigurations = (
				F7C3E51C2B63BE880099774C /* Debug */,
				F7C3E51D2B63BE880099774C /* Release */,
			);
			defaultConfigurationIsVisible = 0;
			defaultConfigurationName = Release;
		};
		F7C3E51E2B63BE880099774C /* Build configuration list for PBXNativeTarget "VideoPlayerIos" */ = {
			isa = XCConfigurationList;
			buildConfigurations = (
				F7C3E51F2B63BE880099774C /* Debug */,
				F7C3E5202B63BE880099774C /* Release */,
			);
			defaultConfigurationIsVisible = 0;
			defaultConfigurationName = Release;
		};
		F7C3E5212B63BE880099774C /* Build configuration list for PBXNativeTarget "VideoPlayerIosTests" */ = {
			isa = XCConfigurationList;
			buildConfigurations = (
				F7C3E5222B63BE880099774C /* Debug */,
				F7C3E5232B63BE880099774C /* Release */,
			);
			defaultConfigurationIsVisible = 0;
			defaultConfigurationName = Release;
		};
		F7C3E5242B63BE880099774C /* Build configuration list for PBXNativeTarget "VideoPlayerIosUITests" */ = {
			isa = XCConfigurationList;
			buildConfigurations = (
				F7C3E5252B63BE880099774C /* Debug */,
				F7C3E5262B63BE880099774C /* Release */,
			);
			defaultConfigurationIsVisible = 0;
			defaultConfigurationName = Release;
		};
/* End XCConfigurationList section */
	};
	rootObject = F7C3E4EC2B63BE860099774C /* Project object */;
}
